
Microsoft Visual Studio Solution File, Format Version 12.00
# Visual Studio Version 17
VisualStudioVersion = 17.8.34525.116
MinimumVisualStudioVersion = 10.0.40219.1
Project("{FAE04EC0-301F-11D3-BF4B-00C04F79EFBC}") = "01_MainSubjects", "01_MainSubjects\01_MainSubjects.csproj", "{66224478-7246-438B-ACE5-E5B2392C291B}"
EndProject
Project("{FAE04EC0-301F-11D3-BF4B-00C04F79EFBC}") = "02_Variables", "02_Variables\02_Variables.csproj", "{D36C5C98-53ED-4DCB-AE8B-2C6B856A3ED3}"
EndProject
Project("{FAE04EC0-301F-11D3-BF4B-00C04F79EFBC}") = "03_MakingDecision", "03_MakingDecision\03_MakingDecision.csproj", "{4BBC95D6-EB43-41B6-8996-8CEC89B9ABE3}"
EndProject
Project("{FAE04EC0-301F-11D3-BF4B-00C04F79EFBC}") = "04_Loops", "04_Loops\04_Loops.csproj", "{C3C6B4F9-9750-42C5-A41A-7DD3462A834E}"
EndProject
Project("{FAE04EC0-301F-11D3-BF4B-00C04F79EFBC}") = "05_LoopsWithStars", "05_LoopsWithStars\05_LoopsWithStars.csproj", "{97240737-D006-4F0A-89D3-EB7B06B9CBD8}"
EndProject
Project("{FAE04EC0-301F-11D3-BF4B-00C04F79EFBC}") = "06_Arrays", "06_Arrays\06_Arrays.csproj", "{D41B6B80-09BF-415A-9F2D-73FDAEAE0CD8}"
EndProject
Project("{FAE04EC0-301F-11D3-BF4B-00C04F79EFBC}") = "07_ForeachLoop", "07_ForeachLoop\07_ForeachLoop.csproj", "{B30886A6-14C3-4358-AF0E-70146CEFD3AA}"
EndProject
Project("{FAE04EC0-301F-11D3-BF4B-00C04F79EFBC}") = "08_Methods", "08_Methods\08_Methods.csproj", "{9CD48510-1DF3-4660-8B0E-1CBE7EC398AF}"
EndProject
Global
	GlobalSection(SolutionConfigurationPlatforms) = preSolution
		Debug|Any CPU = Debug|Any CPU
		Release|Any CPU = Release|Any CPU
	EndGlobalSection
	GlobalSection(ProjectConfigurationPlatforms) = postSolution
		{66224478-7246-438B-ACE5-E5B2392C291B}.Debug|Any CPU.ActiveCfg = Debug|Any CPU
		{66224478-7246-438B-ACE5-E5B2392C291B}.Debug|Any CPU.Build.0 = Debug|Any CPU
		{66224478-7246-438B-ACE5-E5B2392C291B}.Release|Any CPU.ActiveCfg = Release|Any CPU
		{66224478-7246-438B-ACE5-E5B2392C291B}.Release|Any CPU.Build.0 = Release|Any CPU
		{D36C5C98-53ED-4DCB-AE8B-2C6B856A3ED3}.Debug|Any CPU.ActiveCfg = Debug|Any CPU
		{D36C5C98-53ED-4DCB-AE8B-2C6B856A3ED3}.Debug|Any CPU.Build.0 = Debug|Any CPU
		{D36C5C98-53ED-4DCB-AE8B-2C6B856A3ED3}.Release|Any CPU.ActiveCfg = Release|Any CPU
		{D36C5C98-53ED-4DCB-AE8B-2C6B856A3ED3}.Release|Any CPU.Build.0 = Release|Any CPU
		{4BBC95D6-EB43-41B6-8996-8CEC89B9ABE3}.Debug|Any CPU.ActiveCfg = Debug|Any CPU
		{4BBC95D6-EB43-41B6-8996-8CEC89B9ABE3}.Debug|Any CPU.Build.0 = Debug|Any CPU
		{4BBC95D6-EB43-41B6-8996-8CEC89B9ABE3}.Release|Any CPU.ActiveCfg = Release|Any CPU
		{4BBC95D6-EB43-41B6-8996-8CEC89B9ABE3}.Release|Any CPU.Build.0 = Release|Any CPU
		{C3C6B4F9-9750-42C5-A41A-7DD3462A834E}.Debug|Any CPU.ActiveCfg = Debug|Any CPU
		{C3C6B4F9-9750-42C5-A41A-7DD3462A834E}.Debug|Any CPU.Build.0 = Debug|Any CPU
		{C3C6B4F9-9750-42C5-A41A-7DD3462A834E}.Release|Any CPU.ActiveCfg = Release|Any CPU
		{C3C6B4F9-9750-42C5-A41A-7DD3462A834E}.Release|Any CPU.Build.0 = Release|Any CPU
		{97240737-D006-4F0A-89D3-EB7B06B9CBD8}.Debug|Any CPU.ActiveCfg = Debug|Any CPU
		{97240737-D006-4F0A-89D3-EB7B06B9CBD8}.Debug|Any CPU.Build.0 = Debug|Any CPU
		{97240737-D006-4F0A-89D3-EB7B06B9CBD8}.Release|Any CPU.ActiveCfg = Release|Any CPU
		{97240737-D006-4F0A-89D3-EB7B06B9CBD8}.Release|Any CPU.Build.0 = Release|Any CPU
		{D41B6B80-09BF-415A-9F2D-73FDAEAE0CD8}.Debug|Any CPU.ActiveCfg = Debug|Any CPU
		{D41B6B80-09BF-415A-9F2D-73FDAEAE0CD8}.Debug|Any CPU.Build.0 = Debug|Any CPU
		{D41B6B80-09BF-415A-9F2D-73FDAEAE0CD8}.Release|Any CPU.ActiveCfg = Release|Any CPU
		{D41B6B80-09BF-415A-9F2D-73FDAEAE0CD8}.Release|Any CPU.Build.0 = Release|Any CPU
		{B30886A6-14C3-4358-AF0E-70146CEFD3AA}.Debug|Any CPU.ActiveCfg = Debug|Any CPU
		{B30886A6-14C3-4358-AF0E-70146CEFD3AA}.Debug|Any CPU.Build.0 = Debug|Any CPU
		{B30886A6-14C3-4358-AF0E-70146CEFD3AA}.Release|Any CPU.ActiveCfg = Release|Any CPU
		{B30886A6-14C3-4358-AF0E-70146CEFD3AA}.Release|Any CPU.Build.0 = Release|Any CPU
		{9CD48510-1DF3-4660-8B0E-1CBE7EC398AF}.Debug|Any CPU.ActiveCfg = Debug|Any CPU
		{9CD48510-1DF3-4660-8B0E-1CBE7EC398AF}.Debug|Any CPU.Build.0 = Debug|Any CPU
		{9CD48510-1DF3-4660-8B0E-1CBE7EC398AF}.Release|Any CPU.ActiveCfg = Release|Any CPU
		{9CD48510-1DF3-4660-8B0E-1CBE7EC398AF}.Release|Any CPU.Build.0 = Release|Any CPU
	EndGlobalSection
	GlobalSection(SolutionProperties) = preSolution
		HideSolutionNode = FALSE
	EndGlobalSection
	GlobalSection(ExtensibilityGlobals) = postSolution
		SolutionGuid = {9EE13449-4A56-4488-9635-FE68E5A64C5F}
	EndGlobalSection
EndGlobal
